# This file is autogenerated, do not edit; changes may be undone by the next 'dep ensure'.


[[projects]]
  digest = "1:a0f236317b6f71b228c919c1940a9012d96f865bce96c122eae47e99060635c7"
  name = "github.com/99designs/gqlgen"
  packages = [
    ".",
    "cmd",
    "codegen",
    "codegen/templates",
    "graphql",
    "graphql/introspection",
    "internal/gopath",
    "internal/imports",
  ]
  pruneopts = "UT"
  revision = "6f486bde038887adf67c3e3766624ef111ea95cf"
  version = "v0.6.0"

[[projects]]
  digest = "1:cc306cae16c310ca360eaee3e563109e251832a3f6a13b26bf39cc6a43c7c9f6"
  name = "github.com/agnivade/levenshtein"
  packages = ["."]
  pruneopts = "UT"
  revision = "834b435c3df04fba060c8d74a40d849ab2c4a090"
  version = "v1.0.1"

[[projects]]
  digest = "1:40e195917a951a8bf867cd05de2a46aaf1806c50cf92eebf4c16f78cd196f747"
  name = "github.com/pkg/errors"
  packages = ["."]
  pruneopts = "UT"
  revision = "645ef00459ed84a119197bfb8d8205042c6df63d"
  version = "v0.8.0"

[[projects]]
  digest = "1:b24d38b282bacf9791408a080f606370efa3d364e4b5fd9ba0f7b87786d3b679"
  name = "github.com/urfave/cli"
  packages = ["."]
  pruneopts = "UT"
  revision = "cfb38830724cc34fedffe9a2a29fb54fa9169cd1"
  version = "v1.20.0"

[[projects]]
  branch = "master"
  digest = "1:5d1635f7b3b7749d448b03a4e87c0eeeb61c82baf193c0a3cab7c12e1d5f6676"
  name = "github.com/vektah/gqlparser"
  packages = [
    ".",
    "ast",
    "gqlerror",
    "lexer",
    "parser",
    "validator",
    "validator/rules",
  ]
  pruneopts = "UT"
  revision = "6f09700b13a33a80c5dc33117b8177aff00d906c"

[[projects]]
  branch = "master"
  digest = "1:48b383c3a6ee2df352763f63974a2c04a0a6117c1f9f3989faac3cb6b656be19"
  name = "golang.org/x/tools"
  packages = [
    "go/ast/astutil",
    "go/buildutil",
    "go/internal/cgo",
    "go/loader",
    "imports",
    "internal/fastwalk",
    "internal/gopathwalk",
  ]
  pruneopts = "UT"
  revision = "2ddaf7f79a0937ffa9072ede7b696fd084abfe86"

[[projects]]
  digest = "1:342378ac4dcb378a5448dd723f0784ae519383532f5e70ade24132c4c8693202"
  name = "gopkg.in/yaml.v2"
  packages = ["."]
  pruneopts = "UT"
  revision = "5420a8b6744d3b0345ab293f6fcba19c978f1183"
  version = "v2.2.1"

[solve-meta]
  analyzer-name = "dep"
  analyzer-version = 1
  input-imports = ["github.com/99designs/gqlgen"]
  solver-name = "gps-cdcl"
  solver-version = 1
